
Microsoft Visual Studio Solution File, Format Version 10.00
# Visual Studio 2008
Project("{FAE04EC0-301F-11D3-BF4B-00C04F79EFBC}") = "TacoMapperLib", "TacoMapperLib\TacoMapperLib.csproj", "{11FA93C7-60A4-4643-BD4A-E9682A28824E}"
EndProject
Global
	GlobalSection(SolutionConfigurationPlatforms) = preSolution
		Debug|Any CPU = Debug|Any CPU
		Release|Any CPU = Release|Any CPU
	EndGlobalSection
	GlobalSection(ProjectConfigurationPlatforms) = postSolution
		{11FA93C7-60A4-4643-BD4A-E9682A28824E}.Debug|Any CPU.ActiveCfg = Debug|Any CPU
		{11FA93C7-60A4-4643-BD4A-E9682A28824E}.Debug|Any CPU.Build.0 = Debug|Any CPU
		{11FA93C7-60A4-4643-BD4A-E9682A28824E}.Release|Any CPU.ActiveCfg = Release|Any CPU
		{11FA93C7-60A4-4643-BD4A-E9682A28824E}.Release|Any CPU.Build.0 = Release|Any CPU
	EndGlobalSection
	GlobalSection(SolutionProperties) = preSolution
		HideSolutionNode = FALSE
	EndGlobalSection
EndGlobal
